{
    "_readme": [
        "This file locks the dependencies of your project to a known state",
        "Read more about it at https://getcomposer.org/doc/01-basic-usage.md#installing-dependencies",
        "This file is @generated automatically"
    ],
    "content-hash": "927bb6a56e78f3ca35ed58fbcb79f8c8",
    "packages": [
        {
            "name": "nadar/quill-delta-parser",
            "version": "2.9.0",
            "source": {
                "type": "git",
                "url": "https://github.com/nadar/quill-delta-parser.git",
                "reference": "19cc66b95337f85d1bec33466b251a4597a18a8d"
            },
            "dist": {
                "type": "zip",
                "url": "https://api.github.com/repos/nadar/quill-delta-parser/zipball/19cc66b95337f85d1bec33466b251a4597a18a8d",
                "reference": "19cc66b95337f85d1bec33466b251a4597a18a8d",
                "shasum": ""
            },
            "require-dev": {
                "phpunit/phpunit": "^7.3"
            },
            "type": "library",
            "autoload": {
                "psr-4": {
                    "nadar\\quill\\": "src/"
                }
            },
            "notification-url": "https://packagist.org/downloads/",
            "license": [
                "MIT"
            ],
            "authors": [
                {
                    "name": "Basil Suter",
                    "email": "git@nadar.io"
                }
            ],
            "description": "A PHP library to parse Quill Deltas into HTML",
            "support": {
                "issues": "https://github.com/nadar/quill-delta-parser/issues",
                "source": "https://github.com/nadar/quill-delta-parser/tree/2.9.0"
            },
            "funding": [
                {
                    "url": "https://github.com/nadar",
                    "type": "github"
                }
            ],
            "time": "2022-04-05T13:27:21+00:00"
        }
    ],
    "packages-dev": [],
    "aliases": [],
    "minimum-stability": "stable",
    "stability-flags": [],
    "prefer-stable": false,
    "prefer-lowest": false,
    "platform": [],
    "platform-dev": [],
    "plugin-api-version": "2.2.0"
}
